// !$*UTF8*$!
{
	archiveVersion = 1;
	classes = {
	};
	objectVersion = 55;
	objects = {

/* Begin PBXBuildFile section */
		CBB84E39278FF94C00105927 /* AppDelegate.swift in Sources */ = {isa = PBXBuildFile; fileRef = CBB84E38278FF94C00105927 /* AppDelegate.swift */; };
		CBB84E3B278FF94C00105927 /* SceneDelegate.swift in Sources */ = {isa = PBXBuildFile; fileRef = CBB84E3A278FF94C00105927 /* SceneDelegate.swift */; };
		CBB84E3D278FF94C00105927 /* ViewController.swift in Sources */ = {isa = PBXBuildFile; fileRef = CBB84E3C278FF94C00105927 /* ViewController.swift */; };
		CBB84E40278FF94C00105927 /* Main.storyboard in Resources */ = {isa = PBXBuildFile; fileRef = CBB84E3E278FF94C00105927 /* Main.storyboard */; };
		CBB84E42278FF95000105927 /* Assets.xcassets in Resources */ = {isa = PBXBuildFile; fileRef = CBB84E41278FF95000105927 /* Assets.xcassets */; };
		CBB84E45278FF95000105927 /* LaunchScreen.storyboard in Resources */ = {isa = PBXBuildFile; fileRef = CBB84E43278FF95000105927 /* LaunchScreen.storyboard */; };
		CBB84E50278FF95000105927 /* AllInOneTests.swift in Sources */ = {isa = PBXBuildFile; fileRef = CBB84E4F278FF95000105927 /* AllInOneTests.swift */; };
		CBB84E5A278FF95000105927 /* AllInOneUITests.swift in Sources */ = {isa = PBXBuildFile; fileRef = CBB84E59278FF95000105927 /* AllInOneUITests.swift */; };
		CBB84E5C278FF95000105927 /* AllInOneUITestsLaunchTests.swift in Sources */ = {isa = PBXBuildFile; fileRef = CBB84E5B278FF95000105927 /* AllInOneUITestsLaunchTests.swift */; };
		CBB84E6F278FF97B00105927 /* AppDelegate.swift in Sources */ = {isa = PBXBuildFile; fileRef = CBB84E6E278FF97B00105927 /* AppDelegate.swift */; };
		CBB84E71278FF97B00105927 /* SceneDelegate.swift in Sources */ = {isa = PBXBuildFile; fileRef = CBB84E70278FF97B00105927 /* SceneDelegate.swift */; };
		CBB84E73278FF97B00105927 /* ViewController.swift in Sources */ = {isa = PBXBuildFile; fileRef = CBB84E72278FF97B00105927 /* ViewController.swift */; };
		CBB84E76278FF97B00105927 /* Main.storyboard in Resources */ = {isa = PBXBuildFile; fileRef = CBB84E74278FF97B00105927 /* Main.storyboard */; };
		CBB84E78278FF97F00105927 /* Assets.xcassets in Resources */ = {isa = PBXBuildFile; fileRef = CBB84E77278FF97F00105927 /* Assets.xcassets */; };
		CBB84E7B278FF97F00105927 /* LaunchScreen.storyboard in Resources */ = {isa = PBXBuildFile; fileRef = CBB84E79278FF97F00105927 /* LaunchScreen.storyboard */; };
		CBB84E86278FF98000105927 /* JSONReaderTests.swift in Sources */ = {isa = PBXBuildFile; fileRef = CBB84E85278FF98000105927 /* JSONReaderTests.swift */; };
		CBB84E90278FF98000105927 /* JSONReaderUITests.swift in Sources */ = {isa = PBXBuildFile; fileRef = CBB84E8F278FF98000105927 /* JSONReaderUITests.swift */; };
		CBB84E92278FF98000105927 /* JSONReaderUITestsLaunchTests.swift in Sources */ = {isa = PBXBuildFile; fileRef = CBB84E91278FF98000105927 /* JSONReaderUITestsLaunchTests.swift */; };
		CBB84E9D278FF9D200105927 /* ParseJSON.swift in Sources */ = {isa = PBXBuildFile; fileRef = CBB84E9C278FF9D200105927 /* ParseJSON.swift */; };
/* End PBXBuildFile section */

/* Begin PBXContainerItemProxy section */
		CBB84E4C278FF95000105927 /* PBXContainerItemProxy */ = {
			isa = PBXContainerItemProxy;
			containerPortal = CBB84E2D278FF94C00105927 /* Project object */;
			proxyType = 1;
			remoteGlobalIDString = CBB84E34278FF94C00105927;
			remoteInfo = AllInOne;
		};
		CBB84E56278FF95000105927 /* PBXContainerItemProxy */ = {
			isa = PBXContainerItemProxy;
			containerPortal = CBB84E2D278FF94C00105927 /* Project object */;
			proxyType = 1;
			remoteGlobalIDString = CBB84E34278FF94C00105927;
			remoteInfo = AllInOne;
		};
		CBB84E82278FF98000105927 /* PBXContainerItemProxy */ = {
			isa = PBXContainerItemProxy;
			containerPortal = CBB84E2D278FF94C00105927 /* Project object */;
			proxyType = 1;
			remoteGlobalIDString = CBB84E6B278FF97B00105927;
			remoteInfo = JSONReader;
		};
		CBB84E8C278FF98000105927 /* PBXContainerItemProxy */ = {
			isa = PBXContainerItemProxy;
			containerPortal = CBB84E2D278FF94C00105927 /* Project object */;
			proxyType = 1;
			remoteGlobalIDString = CBB84E6B278FF97B00105927;
			remoteInfo = JSONReader;
		};
/* End PBXContainerItemProxy section */

/* Begin PBXFileReference section */
		CBB84E35278FF94C00105927 /* AllInOne.app */ = {isa = PBXFileReference; explicitFileType = wrapper.application; includeInIndex = 0; path = AllInOne.app; sourceTree = BUILT_PRODUCTS_DIR; };
		CBB84E38278FF94C00105927 /* AppDelegate.swift */ = {isa = PBXFileReference; lastKnownFileType = sourcecode.swift; path = AppDelegate.swift; sourceTree = "<group>"; };
		CBB84E3A278FF94C00105927 /* SceneDelegate.swift */ = {isa = PBXFileReference; lastKnownFileType = sourcecode.swift; path = SceneDelegate.swift; sourceTree = "<group>"; };
		CBB84E3C278FF94C00105927 /* ViewController.swift */ = {isa = PBXFileReference; lastKnownFileType = sourcecode.swift; path = ViewController.swift; sourceTree = "<group>"; };
		CBB84E3F278FF94C00105927 /* Base */ = {isa = PBXFileReference; lastKnownFileType = file.storyboard; name = Base; path = Base.lproj/Main.storyboard; sourceTree = "<group>"; };
		CBB84E41278FF95000105927 /* Assets.xcassets */ = {isa = PBXFileReference; lastKnownFileType = folder.assetcatalog; path = Assets.xcassets; sourceTree = "<group>"; };
		CBB84E44278FF95000105927 /* Base */ = {isa = PBXFileReference; lastKnownFileType = file.storyboard; name = Base; path = Base.lproj/LaunchScreen.storyboard; sourceTree = "<group>"; };
		CBB84E46278FF95000105927 /* Info.plist */ = {isa = PBXFileReference; lastKnownFileType = text.plist.xml; path = Info.plist; sourceTree = "<group>"; };
		CBB84E4B278FF95000105927 /* AllInOneTests.xctest */ = {isa = PBXFileReference; explicitFileType = wrapper.cfbundle; includeInIndex = 0; path = AllInOneTests.xctest; sourceTree = BUILT_PRODUCTS_DIR; };
		CBB84E4F278FF95000105927 /* AllInOneTests.swift */ = {isa = PBXFileReference; lastKnownFileType = sourcecode.swift; path = AllInOneTests.swift; sourceTree = "<group>"; };
		CBB84E55278FF95000105927 /* AllInOneUITests.xctest */ = {isa = PBXFileReference; explicitFileType = wrapper.cfbundle; includeInIndex = 0; path = AllInOneUITests.xctest; sourceTree = BUILT_PRODUCTS_DIR; };
		CBB84E59278FF95000105927 /* AllInOneUITests.swift */ = {isa = PBXFileReference; lastKnownFileType = sourcecode.swift; path = AllInOneUITests.swift; sourceTree = "<group>"; };
		CBB84E5B278FF95000105927 /* AllInOneUITestsLaunchTests.swift */ = {isa = PBXFileReference; lastKnownFileType = sourcecode.swift; path = AllInOneUITestsLaunchTests.swift; sourceTree = "<group>"; };
		CBB84E6C278FF97B00105927 /* JSONReader.app */ = {isa = PBXFileReference; explicitFileType = wrapper.application; includeInIndex = 0; path = JSONReader.app; sourceTree = BUILT_PRODUCTS_DIR; };
		CBB84E6E278FF97B00105927 /* AppDelegate.swift */ = {isa = PBXFileReference; lastKnownFileType = sourcecode.swift; path = AppDelegate.swift; sourceTree = "<group>"; };
		CBB84E70278FF97B00105927 /* SceneDelegate.swift */ = {isa = PBXFileReference; lastKnownFileType = sourcecode.swift; path = SceneDelegate.swift; sourceTree = "<group>"; };
		CBB84E72278FF97B00105927 /* ViewController.swift */ = {isa = PBXFileReference; lastKnownFileType = sourcecode.swift; path = ViewController.swift; sourceTree = "<group>"; };
		CBB84E75278FF97B00105927 /* Base */ = {isa = PBXFileReference; lastKnownFileType = file.storyboard; name = Base; path = Base.lproj/Main.storyboard; sourceTree = "<group>"; };
		CBB84E77278FF97F00105927 /* Assets.xcassets */ = {isa = PBXFileReference; lastKnownFileType = folder.assetcatalog; path = Assets.xcassets; sourceTree = "<group>"; };
		CBB84E7A278FF97F00105927 /* Base */ = {isa = PBXFileReference; lastKnownFileType = file.storyboard; name = Base; path = Base.lproj/LaunchScreen.storyboard; sourceTree = "<group>"; };
		CBB84E7C278FF97F00105927 /* Info.plist */ = {isa = PBXFileReference; lastKnownFileType = text.plist.xml; path = Info.plist; sourceTree = "<group>"; };
		CBB84E81278FF98000105927 /* JSONReaderTests.xctest */ = {isa = PBXFileReference; explicitFileType = wrapper.cfbundle; includeInIndex = 0; path = JSONReaderTests.xctest; sourceTree = BUILT_PRODUCTS_DIR; };
		CBB84E85278FF98000105927 /* JSONReaderTests.swift */ = {isa = PBXFileReference; lastKnownFileType = sourcecode.swift; path = JSONReaderTests.swift; sourceTree = "<group>"; };
		CBB84E8B278FF98000105927 /* JSONReaderUITests.xctest */ = {isa = PBXFileReference; explicitFileType = wrapper.cfbundle; includeInIndex = 0; path = JSONReaderUITests.xctest; sourceTree = BUILT_PRODUCTS_DIR; };
		CBB84E8F278FF98000105927 /* JSONReaderUITests.swift */ = {isa = PBXFileReference; lastKnownFileType = sourcecode.swift; path = JSONReaderUITests.swift; sourceTree = "<group>"; };
		CBB84E91278FF98000105927 /* JSONReaderUITestsLaunchTests.swift */ = {isa = PBXFileReference; lastKnownFileType = sourcecode.swift; path = JSONReaderUITestsLaunchTests.swift; sourceTree = "<group>"; };
		CBB84E9C278FF9D200105927 /* ParseJSON.swift */ = {isa = PBXFileReference; lastKnownFileType = sourcecode.swift; path = ParseJSON.swift; sourceTree = "<group>"; };
/* End PBXFileReference section */

/* Begin PBXFrameworksBuildPhase section */
		CBB84E32278FF94C00105927 /* Frameworks */ = {
			isa = PBXFrameworksBuildPhase;
			buildActionMask = 2147483647;
			files = (
			);
			runOnlyForDeploymentPostprocessing = 0;
		};
		CBB84E48278FF95000105927 /* Frameworks */ = {
			isa = PBXFrameworksBuildPhase;
			buildActionMask = 2147483647;
			files = (
			);
			runOnlyForDeploymentPostprocessing = 0;
		};
		CBB84E52278FF95000105927 /* Frameworks */ = {
			isa = PBXFrameworksBuildPhase;
			buildActionMask = 2147483647;
			files = (
			);
			runOnlyForDeploymentPostprocessing = 0;
		};
		CBB84E69278FF97B00105927 /* Frameworks */ = {
			isa = PBXFrameworksBuildPhase;
			buildActionMask = 2147483647;
			files = (
			);
			runOnlyForDeploymentPostprocessing = 0;
		};
		CBB84E7E278FF98000105927 /* Frameworks */ = {
			isa = PBXFrameworksBuildPhase;
			buildActionMask = 2147483647;
			files = (
			);
			runOnlyForDeploymentPostprocessing = 0;
		};
		CBB84E88278FF98000105927 /* Frameworks */ = {
			isa = PBXFrameworksBuildPhase;
			buildActionMask = 2147483647;
			files = (
			);
			runOnlyForDeploymentPostprocessing = 0;
		};
/* End PBXFrameworksBuildPhase section */

/* Begin PBXGroup section */
		CBB84E2C278FF94C00105927 = {
			isa = PBXGroup;
			children = (
				CBB84E37278FF94C00105927 /* AllInOne */,
				CBB84E4E278FF95000105927 /* AllInOneTests */,
				CBB84E58278FF95000105927 /* AllInOneUITests */,
				CBB84E6D278FF97B00105927 /* JSONReader */,
				CBB84E84278FF98000105927 /* JSONReaderTests */,
				CBB84E8E278FF98000105927 /* JSONReaderUITests */,
				CBB84E36278FF94C00105927 /* Products */,
			);
			sourceTree = "<group>";
		};
		CBB84E36278FF94C00105927 /* Products */ = {
			isa = PBXGroup;
			children = (
				CBB84E35278FF94C00105927 /* AllInOne.app */,
				CBB84E4B278FF95000105927 /* AllInOneTests.xctest */,
				CBB84E55278FF95000105927 /* AllInOneUITests.xctest */,
				CBB84E6C278FF97B00105927 /* JSONReader.app */,
				CBB84E81278FF98000105927 /* JSONReaderTests.xctest */,
				CBB84E8B278FF98000105927 /* JSONReaderUITests.xctest */,
			);
			name = Products;
			sourceTree = "<group>";
		};
		CBB84E37278FF94C00105927 /* AllInOne */ = {
			isa = PBXGroup;
			children = (
				CBB84E38278FF94C00105927 /* AppDelegate.swift */,
				CBB84E3A278FF94C00105927 /* SceneDelegate.swift */,
				CBB84E3C278FF94C00105927 /* ViewController.swift */,
				CBB84E3E278FF94C00105927 /* Main.storyboard */,
				CBB84E41278FF95000105927 /* Assets.xcassets */,
				CBB84E43278FF95000105927 /* LaunchScreen.storyboard */,
				CBB84E46278FF95000105927 /* Info.plist */,
			);
			path = AllInOne;
			sourceTree = "<group>";
		};
		CBB84E4E278FF95000105927 /* AllInOneTests */ = {
			isa = PBXGroup;
			children = (
				CBB84E4F278FF95000105927 /* AllInOneTests.swift */,
			);
			path = AllInOneTests;
			sourceTree = "<group>";
		};
		CBB84E58278FF95000105927 /* AllInOneUITests */ = {
			isa = PBXGroup;
			children = (
				CBB84E59278FF95000105927 /* AllInOneUITests.swift */,
				CBB84E5B278FF95000105927 /* AllInOneUITestsLaunchTests.swift */,
			);
			path = AllInOneUITests;
			sourceTree = "<group>";
		};
		CBB84E6D278FF97B00105927 /* JSONReader */ = {
			isa = PBXGroup;
			children = (
				CBB84E6E278FF97B00105927 /* AppDelegate.swift */,
				CBB84E70278FF97B00105927 /* SceneDelegate.swift */,
				CBB84E72278FF97B00105927 /* ViewController.swift */,
				CBB84E74278FF97B00105927 /* Main.storyboard */,
				CBB84E77278FF97F00105927 /* Assets.xcassets */,
				CBB84E79278FF97F00105927 /* LaunchScreen.storyboard */,
				CBB84E7C278FF97F00105927 /* Info.plist */,
				CBB84E9C278FF9D200105927 /* ParseJSON.swift */,
			);
			path = JSONReader;
			sourceTree = "<group>";
		};
		CBB84E84278FF98000105927 /* JSONReaderTests */ = {
			isa = PBXGroup;
			children = (
				CBB84E85278FF98000105927 /* JSONReaderTests.swift */,
			);
			path = JSONReaderTests;
			sourceTree = "<group>";
		};
		CBB84E8E278FF98000105927 /* JSONReaderUITests */ = {
			isa = PBXGroup;
			children = (
				CBB84E8F278FF98000105927 /* JSONReaderUITests.swift */,
				CBB84E91278FF98000105927 /* JSONReaderUITestsLaunchTests.swift */,
			);
			path = JSONReaderUITests;
			sourceTree = "<group>";
		};
/* End PBXGroup section */

/* Begin PBXNativeTarget section */
		CBB84E34278FF94C00105927 /* AllInOne */ = {
			isa = PBXNativeTarget;
			buildConfigurationList = CBB84E5F278FF95000105927 /* Build configuration list for PBXNativeTarget "AllInOne" */;
			buildPhases = (
				CBB84E31278FF94C00105927 /* Sources */,
				CBB84E32278FF94C00105927 /* Frameworks */,
				CBB84E33278FF94C00105927 /* Resources */,
			);
			buildRules = (
			);
			dependencies = (
			);
			name = AllInOne;
			productName = AllInOne;
			productReference = CBB84E35278FF94C00105927 /* AllInOne.app */;
			productType = "com.apple.product-type.application";
		};
		CBB84E4A278FF95000105927 /* AllInOneTests */ = {
			isa = PBXNativeTarget;
			buildConfigurationList = CBB84E62278FF95000105927 /* Build configuration list for PBXNativeTarget "AllInOneTests" */;
			buildPhases = (
				CBB84E47278FF95000105927 /* Sources */,
				CBB84E48278FF95000105927 /* Frameworks */,
				CBB84E49278FF95000105927 /* Resources */,
			);
			buildRules = (
			);
			dependencies = (
				CBB84E4D278FF95000105927 /* PBXTargetDependency */,
			);
			name = AllInOneTests;
			productName = AllInOneTests;
			productReference = CBB84E4B278FF95000105927 /* AllInOneTests.xctest */;
			productType = "com.apple.product-type.bundle.unit-test";
		};
		CBB84E54278FF95000105927 /* AllInOneUITests */ = {
			isa = PBXNativeTarget;
			buildConfigurationList = CBB84E65278FF95000105927 /* Build configuration list for PBXNativeTarget "AllInOneUITests" */;
			buildPhases = (
				CBB84E51278FF95000105927 /* Sources */,
				CBB84E52278FF95000105927 /* Frameworks */,
				CBB84E53278FF95000105927 /* Resources */,
			);
			buildRules = (
			);
			dependencies = (
				CBB84E57278FF95000105927 /* PBXTargetDependency */,
			);
			name = AllInOneUITests;
			productName = AllInOneUITests;
			productReference = CBB84E55278FF95000105927 /* AllInOneUITests.xctest */;
			productType = "com.apple.product-type.bundle.ui-testing";
		};
		CBB84E6B278FF97B00105927 /* JSONReader */ = {
			isa = PBXNativeTarget;
			buildConfigurationList = CBB84E93278FF98000105927 /* Build configuration list for PBXNativeTarget "JSONReader" */;
			buildPhases = (
				CBB84E68278FF97B00105927 /* Sources */,
				CBB84E69278FF97B00105927 /* Frameworks */,
				CBB84E6A278FF97B00105927 /* Resources */,
			);
			buildRules = (
			);
			dependencies = (
			);
			name = JSONReader;
			productName = JSONReader;
			productReference = CBB84E6C278FF97B00105927 /* JSONReader.app */;
			productType = "com.apple.product-type.application";
		};
		CBB84E80278FF98000105927 /* JSONReaderTests */ = {
			isa = PBXNativeTarget;
			buildConfigurationList = CBB84E96278FF98000105927 /* Build configuration list for PBXNativeTarget "JSONReaderTests" */;
			buildPhases = (
				CBB84E7D278FF98000105927 /* Sources */,
				CBB84E7E278FF98000105927 /* Frameworks */,
				CBB84E7F278FF98000105927 /* Resources */,
			);
			buildRules = (
			);
			dependencies = (
				CBB84E83278FF98000105927 /* PBXTargetDependency */,
			);
			name = JSONReaderTests;
			productName = JSONReaderTests;
			productReference = CBB84E81278FF98000105927 /* JSONReaderTests.xctest */;
			productType = "com.apple.product-type.bundle.unit-test";
		};
		CBB84E8A278FF98000105927 /* JSONReaderUITests */ = {
			isa = PBXNativeTarget;
			buildConfigurationList = CBB84E99278FF98000105927 /* Build configuration list for PBXNativeTarget "JSONReaderUITests" */;
			buildPhases = (
				CBB84E87278FF98000105927 /* Sources */,
				CBB84E88278FF98000105927 /* Frameworks */,
				CBB84E89278FF98000105927 /* Resources */,
			);
			buildRules = (
			);
			dependencies = (
				CBB84E8D278FF98000105927 /* PBXTargetDependency */,
			);
			name = JSONReaderUITests;
			productName = JSONReaderUITests;
			productReference = CBB84E8B278FF98000105927 /* JSONReaderUITests.xctest */;
			productType = "com.apple.product-type.bundle.ui-testing";
		};
/* End PBXNativeTarget section */

/* Begin PBXProject section */
		CBB84E2D278FF94C00105927 /* Project object */ = {
			isa = PBXProject;
			attributes = {
				BuildIndependentTargetsInParallel = 1;
				LastSwiftUpdateCheck = 1320;
				LastUpgradeCheck = 1320;
				TargetAttributes = {
					CBB84E34278FF94C00105927 = {
						CreatedOnToolsVersion = 13.2.1;
					};
					CBB84E4A278FF95000105927 = {
						CreatedOnToolsVersion = 13.2.1;
						TestTargetID = CBB84E34278FF94C00105927;
					};
					CBB84E54278FF95000105927 = {
						CreatedOnToolsVersion = 13.2.1;
						TestTargetID = CBB84E34278FF94C00105927;
					};
					CBB84E6B278FF97B00105927 = {
						CreatedOnToolsVersion = 13.2.1;
					};
					CBB84E80278FF98000105927 = {
						CreatedOnToolsVersion = 13.2.1;
						TestTargetID = CBB84E6B278FF97B00105927;
					};
					CBB84E8A278FF98000105927 = {
						CreatedOnToolsVersion = 13.2.1;
						TestTargetID = CBB84E6B278FF97B00105927;
					};
				};
			};
			buildConfigurationList = CBB84E30278FF94C00105927 /* Build configuration list for PBXProject "AllInOne" */;
			compatibilityVersion = "Xcode 13.0";
			developmentRegion = en;
			hasScannedForEncodings = 0;
			knownRegions = (
				en,
				Base,
			);
			mainGroup = CBB84E2C278FF94C00105927;
			productRefGroup = CBB84E36278FF94C00105927 /* Products */;
			projectDirPath = "";
			projectRoot = "";
			targets = (
				CBB84E34278FF94C00105927 /* AllInOne */,
				CBB84E4A278FF95000105927 /* AllInOneTests */,
				CBB84E54278FF95000105927 /* AllInOneUITests */,
				CBB84E6B278FF97B00105927 /* JSONReader */,
				CBB84E80278FF98000105927 /* JSONReaderTests */,
				CBB84E8A278FF98000105927 /* JSONReaderUITests */,
			);
		};
/* End PBXProject section */

/* Begin PBXResourcesBuildPhase section */
		CBB84E33278FF94C00105927 /* Resources */ = {
			isa = PBXResourcesBuildPhase;
			buildActionMask = 2147483647;
			files = (
				CBB84E45278FF95000105927 /* LaunchScreen.storyboard in Resources */,
				CBB84E42278FF95000105927 /* Assets.xcassets in Resources */,
				CBB84E40278FF94C00105927 /* Main.storyboard in Resources */,
			);
			runOnlyForDeploymentPostprocessing = 0;
		};
		CBB84E49278FF95000105927 /* Resources */ = {
			isa = PBXResourcesBuildPhase;
			buildActionMask = 2147483647;
			files = (
			);
			runOnlyForDeploymentPostprocessing = 0;
		};
		CBB84E53278FF95000105927 /* Resources */ = {
			isa = PBXResourcesBuildPhase;
			buildActionMask = 2147483647;
			files = (
			);
			runOnlyForDeploymentPostprocessing = 0;
		};
		CBB84E6A278FF97B00105927 /* Resources */ = {
			isa = PBXResourcesBuildPhase;
			buildActionMask = 2147483647;
			files = (
				CBB84E7B278FF97F00105927 /* LaunchScreen.storyboard in Resources */,
				CBB84E78278FF97F00105927 /* Assets.xcassets in Resources */,
				CBB84E76278FF97B00105927 /* Main.storyboard in Resources */,
			);
			runOnlyForDeploymentPostprocessing = 0;
		};
		CBB84E7F278FF98000105927 /* Resources */ = {
			isa = PBXResourcesBuildPhase;
			buildActionMask = 2147483647;
			files = (
			);
			runOnlyForDeploymentPostprocessing = 0;
		};
		CBB84E89278FF98000105927 /* Resources */ = {
			isa = PBXResourcesBuildPhase;
			buildActionMask = 2147483647;
			files = (
			);
			runOnlyForDeploymentPostprocessing = 0;
		};
/* End PBXResourcesBuildPhase section */

/* Begin PBXSourcesBuildPhase section */
		CBB84E31278FF94C00105927 /* Sources */ = {
			isa = PBXSourcesBuildPhase;
			buildActionMask = 2147483647;
			files = (
				CBB84E3D278FF94C00105927 /* ViewController.swift in Sources */,
				CBB84E39278FF94C00105927 /* AppDelegate.swift in Sources */,
				CBB84E3B278FF94C00105927 /* SceneDelegate.swift in Sources */,
			);
			runOnlyForDeploymentPostprocessing = 0;
		};
		CBB84E47278FF95000105927 /* Sources */ = {
			isa = PBXSourcesBuildPhase;
			buildActionMask = 2147483647;
			files = (
				CBB84E50278FF95000105927 /* AllInOneTests.swift in Sources */,
			);
			runOnlyForDeploymentPostprocessing = 0;
		};
		CBB84E51278FF95000105927 /* Sources */ = {
			isa = PBXSourcesBuildPhase;
			buildActionMask = 2147483647;
			files = (
				CBB84E5C278FF95000105927 /* AllInOneUITestsLaunchTests.swift in Sources */,
				CBB84E5A278FF95000105927 /* AllInOneUITests.swift in Sources */,
			);
			runOnlyForDeploymentPostprocessing = 0;
		};
		CBB84E68278FF97B00105927 /* Sources */ = {
			isa = PBXSourcesBuildPhase;
			buildActionMask = 2147483647;
			files = (
				CBB84E73278FF97B00105927 /* ViewController.swift in Sources */,
				CBB84E6F278FF97B00105927 /* AppDelegate.swift in Sources */,
				CBB84E71278FF97B00105927 /* SceneDelegate.swift in Sources */,
				CBB84E9D278FF9D200105927 /* ParseJSON.swift in Sources */,
			);
			runOnlyForDeploymentPostprocessing = 0;
		};
		CBB84E7D278FF98000105927 /* Sources */ = {
			isa = PBXSourcesBuildPhase;
			buildActionMask = 2147483647;
			files = (
				CBB84E86278FF98000105927 /* JSONReaderTests.swift in Sources */,
			);
			runOnlyForDeploymentPostprocessing = 0;
		};
		CBB84E87278FF98000105927 /* Sources */ = {
			isa = PBXSourcesBuildPhase;
			buildActionMask = 2147483647;
			files = (
				CBB84E90278FF98000105927 /* JSONReaderUITests.swift in Sources */,
				CBB84E92278FF98000105927 /* JSONReaderUITestsLaunchTests.swift in Sources */,
			);
			runOnlyForDeploymentPostprocessing = 0;
		};
/* End PBXSourcesBuildPhase section */

/* Begin PBXTargetDependency section */
		CBB84E4D278FF95000105927 /* PBXTargetDependency */ = {
			isa = PBXTargetDependency;
			target = CBB84E34278FF94C00105927 /* AllInOne */;
			targetProxy = CBB84E4C278FF95000105927 /* PBXContainerItemProxy */;
		};
		CBB84E57278FF95000105927 /* PBXTargetDependency */ = {
			isa = PBXTargetDependency;
			target = CBB84E34278FF94C00105927 /* AllInOne */;
			targetProxy = CBB84E56278FF95000105927 /* PBXContainerItemProxy */;
		};
		CBB84E83278FF98000105927 /* PBXTargetDependency */ = {
			isa = PBXTargetDependency;
			target = CBB84E6B278FF97B00105927 /* JSONReader */;
			targetProxy = CBB84E82278FF98000105927 /* PBXContainerItemProxy */;
		};
		CBB84E8D278FF98000105927 /* PBXTargetDependency */ = {
			isa = PBXTargetDependency;
			target = CBB84E6B278FF97B00105927 /* JSONReader */;
			targetProxy = CBB84E8C278FF98000105927 /* PBXContainerItemProxy */;
		};
/* End PBXTargetDependency section */

/* Begin PBXVariantGroup section */
		CBB84E3E278FF94C00105927 /* Main.storyboard */ = {
			isa = PBXVariantGroup;
			children = (
				CBB84E3F278FF94C00105927 /* Base */,
			);
			name = Main.storyboard;
			sourceTree = "<group>";
		};
		CBB84E43278FF95000105927 /* LaunchScreen.storyboard */ = {
			isa = PBXVariantGroup;
			children = (
				CBB84E44278FF95000105927 /* Base */,
			);
			name = LaunchScreen.storyboard;
			sourceTree = "<group>";
		};
		CBB84E74278FF97B00105927 /* Main.storyboard */ = {
			isa = PBXVariantGroup;
			children = (
				CBB84E75278FF97B00105927 /* Base */,
			);
			name = Main.storyboard;
			sourceTree = "<group>";
		};
		CBB84E79278FF97F00105927 /* LaunchScreen.storyboard */ = {
			isa = PBXVariantGroup;
			children = (
				CBB84E7A278FF97F00105927 /* Base */,
			);
			name = LaunchScreen.storyboard;
			sourceTree = "<group>";
		};
/* End PBXVariantGroup section */

/* Begin XCBuildConfiguration section */
		CBB84E5D278FF95000105927 /* Debug */ = {
			isa = XCBuildConfiguration;
			buildSettings = {
				ALWAYS_SEARCH_USER_PATHS = NO;
				CLANG_ANALYZER_NONNULL = YES;
				CLANG_ANALYZER_NUMBER_OBJECT_CONVERSION = YES_AGGRESSIVE;
				CLANG_CXX_LANGUAGE_STANDARD = "gnu++17";
				CLANG_CXX_LIBRARY = "libc++";
				CLANG_ENABLE_MODULES = YES;
				CLANG_ENABLE_OBJC_ARC = YES;
				CLANG_ENABLE_OBJC_WEAK = YES;
				CLANG_WARN_BLOCK_CAPTURE_AUTORELEASING = YES;
				CLANG_WARN_BOOL_CONVERSION = YES;
				CLANG_WARN_COMMA = YES;
				CLANG_WARN_CONSTANT_CONVERSION = YES;
				CLANG_WARN_DEPRECATED_OBJC_IMPLEMENTATIONS = YES;
				CLANG_WARN_DIRECT_OBJC_ISA_USAGE = YES_ERROR;
				CLANG_WARN_DOCUMENTATION_COMMENTS = YES;
				CLANG_WARN_EMPTY_BODY = YES;
				CLANG_WARN_ENUM_CONVERSION = YES;
				CLANG_WARN_INFINITE_RECURSION = YES;
				CLANG_WARN_INT_CONVERSION = YES;
				CLANG_WARN_NON_LITERAL_NULL_CONVERSION = YES;
				CLANG_WARN_OBJC_IMPLICIT_RETAIN_SELF = YES;
				CLANG_WARN_OBJC_LITERAL_CONVERSION = YES;
				CLANG_WARN_OBJC_ROOT_CLASS = YES_ERROR;
				CLANG_WARN_QUOTED_INCLUDE_IN_FRAMEWORK_HEADER = YES;
				CLANG_WARN_RANGE_LOOP_ANALYSIS = YES;
				CLANG_WARN_STRICT_PROTOTYPES = YES;
				CLANG_WARN_SUSPICIOUS_MOVE = YES;
				CLANG_WARN_UNGUARDED_AVAILABILITY = YES_AGGRESSIVE;
				CLANG_WARN_UNREACHABLE_CODE = YES;
				CLANG_WARN__DUPLICATE_METHOD_MATCH = YES;
				COPY_PHASE_STRIP = NO;
				DEBUG_INFORMATION_FORMAT = dwarf;
				ENABLE_STRICT_OBJC_MSGSEND = YES;
				ENABLE_TESTABILITY = YES;
				GCC_C_LANGUAGE_STANDARD = gnu11;
				GCC_DYNAMIC_NO_PIC = NO;
				GCC_NO_COMMON_BLOCKS = YES;
				GCC_OPTIMIZATION_LEVEL = 0;
				GCC_PREPROCESSOR_DEFINITIONS = (
					"DEBUG=1",
					"$(inherited)",
				);
				GCC_WARN_64_TO_32_BIT_CONVERSION = YES;
				GCC_WARN_ABOUT_RETURN_TYPE = YES_ERROR;
				GCC_WARN_UNDECLARED_SELECTOR = YES;
				GCC_WARN_UNINITIALIZED_AUTOS = YES_AGGRESSIVE;
				GCC_WARN_UNUSED_FUNCTION = YES;
				GCC_WARN_UNUSED_VARIABLE = YES;
				IPHONEOS_DEPLOYMENT_TARGET = 15.2;
				MTL_ENABLE_DEBUG_INFO = INCLUDE_SOURCE;
				MTL_FAST_MATH = YES;
				ONLY_ACTIVE_ARCH = YES;
				SDKROOT = iphoneos;
				SWIFT_ACTIVE_COMPILATION_CONDITIONS = DEBUG;
				SWIFT_OPTIMIZATION_LEVEL = "-Onone";
			};
			name = Debug;
		};
		CBB84E5E278FF95000105927 /* Release */ = {
			isa = XCBuildConfiguration;
			buildSettings = {
				ALWAYS_SEARCH_USER_PATHS = NO;
				CLANG_ANALYZER_NONNULL = YES;
				CLANG_ANALYZER_NUMBER_OBJECT_CONVERSION = YES_AGGRESSIVE;
				CLANG_CXX_LANGUAGE_STANDARD = "gnu++17";
				CLANG_CXX_LIBRARY = "libc++";
				CLANG_ENABLE_MODULES = YES;
				CLANG_ENABLE_OBJC_ARC = YES;
				CLANG_ENABLE_OBJC_WEAK = YES;
				CLANG_WARN_BLOCK_CAPTURE_AUTORELEASING = YES;
				CLANG_WARN_BOOL_CONVERSION = YES;
				CLANG_WARN_COMMA = YES;
				CLANG_WARN_CONSTANT_CONVERSION = YES;
				CLANG_WARN_DEPRECATED_OBJC_IMPLEMENTATIONS = YES;
				CLANG_WARN_DIRECT_OBJC_ISA_USAGE = YES_ERROR;
				CLANG_WARN_DOCUMENTATION_COMMENTS = YES;
				CLANG_WARN_EMPTY_BODY = YES;
				CLANG_WARN_ENUM_CONVERSION = YES;
				CLANG_WARN_INFINITE_RECURSION = YES;
				CLANG_WARN_INT_CONVERSION = YES;
				CLANG_WARN_NON_LITERAL_NULL_CONVERSION = YES;
				CLANG_WARN_OBJC_IMPLICIT_RETAIN_SELF = YES;
				CLANG_WARN_OBJC_LITERAL_CONVERSION = YES;
				CLANG_WARN_OBJC_ROOT_CLASS = YES_ERROR;
				CLANG_WARN_QUOTED_INCLUDE_IN_FRAMEWORK_HEADER = YES;
				CLANG_WARN_RANGE_LOOP_ANALYSIS = YES;
				CLANG_WARN_STRICT_PROTOTYPES = YES;
				CLANG_WARN_SUSPICIOUS_MOVE = YES;
				CLANG_WARN_UNGUARDED_AVAILABILITY = YES_AGGRESSIVE;
				CLANG_WARN_UNREACHABLE_CODE = YES;
				CLANG_WARN__DUPLICATE_METHOD_MATCH = YES;
				COPY_PHASE_STRIP = NO;
				DEBUG_INFORMATION_FORMAT = "dwarf-with-dsym";
				ENABLE_NS_ASSERTIONS = NO;
				ENABLE_STRICT_OBJC_MSGSEND = YES;
				GCC_C_LANGUAGE_STANDARD = gnu11;
				GCC_NO_COMMON_BLOCKS = YES;
				GCC_WARN_64_TO_32_BIT_CONVERSION = YES;
				GCC_WARN_ABOUT_RETURN_TYPE = YES_ERROR;
				GCC_WARN_UNDECLARED_SELECTOR = YES;
				GCC_WARN_UNINITIALIZED_AUTOS = YES_AGGRESSIVE;
				GCC_WARN_UNUSED_FUNCTION = YES;
				GCC_WARN_UNUSED_VARIABLE = YES;
				IPHONEOS_DEPLOYMENT_TARGET = 15.2;
				MTL_ENABLE_DEBUG_INFO = NO;
				MTL_FAST_MATH = YES;
				SDKROOT = iphoneos;
				SWIFT_COMPILATION_MODE = wholemodule;
				SWIFT_OPTIMIZATION_LEVEL = "-O";
				VALIDATE_PRODUCT = YES;
			};
			name = Release;
		};
		CBB84E60278FF95000105927 /* Debug */ = {
			isa = XCBuildConfiguration;
			buildSettings = {
				ASSETCATALOG_COMPILER_APPICON_NAME = AppIcon;
				ASSETCATALOG_COMPILER_GLOBAL_ACCENT_COLOR_NAME = AccentColor;
				CODE_SIGN_STYLE = Automatic;
				CURRENT_PROJECT_VERSION = 1;
				DEVELOPMENT_TEAM = L3X47784EM;
				GENERATE_INFOPLIST_FILE = YES;
				INFOPLIST_FILE = AllInOne/Info.plist;
				INFOPLIST_KEY_UIApplicationSupportsIndirectInputEvents = YES;
				INFOPLIST_KEY_UILaunchStoryboardName = LaunchScreen;
				INFOPLIST_KEY_UIMainStoryboardFile = Main;
				INFOPLIST_KEY_UISupportedInterfaceOrientations_iPad = "UIInterfaceOrientationPortrait UIInterfaceOrientationPortraitUpsideDown UIInterfaceOrientationLandscapeLeft UIInterfaceOrientationLandscapeRight";
				INFOPLIST_KEY_UISupportedInterfaceOrientations_iPhone = "UIInterfaceOrientationPortrait UIInterfaceOrientationLandscapeLeft UIInterfaceOrientationLandscapeRight";
				LD_RUNPATH_SEARCH_PATHS = (
					"$(inherited)",
					"@executable_path/Frameworks",
				);
				MARKETING_VERSION = 1.0;
				PRODUCT_BUNDLE_IDENTIFIER = com.nakeer.AllInOne;
				PRODUCT_NAME = "$(TARGET_NAME)";
				SWIFT_EMIT_LOC_STRINGS = YES;
				SWIFT_VERSION = 5.0;
				TARGETED_DEVICE_FAMILY = "1,2";
			};
			name = Debug;
		};
		CBB84E61278FF95000105927 /* Release */ = {
			isa = XCBuildConfiguration;
			buildSettings = {
				ASSETCATALOG_COMPILER_APPICON_NAME = AppIcon;
				ASSETCATALOG_COMPILER_GLOBAL_ACCENT_COLOR_NAME = AccentColor;
				CODE_SIGN_STYLE = Automatic;
				CURRENT_PROJECT_VERSION = 1;
				DEVELOPMENT_TEAM = L3X47784EM;
				GENERATE_INFOPLIST_FILE = YES;
				INFOPLIST_FILE = AllInOne/Info.plist;
				INFOPLIST_KEY_UIApplicationSupportsIndirectInputEvents = YES;
				INFOPLIST_KEY_UILaunchStoryboardName = LaunchScreen;
				INFOPLIST_KEY_UIMainStoryboardFile = Main;
				INFOPLIST_KEY_UISupportedInterfaceOrientations_iPad = "UIInterfaceOrientationPortrait UIInterfaceOrientationPortraitUpsideDown UIInterfaceOrientationLandscapeLeft UIInterfaceOrientationLandscapeRight";
				INFOPLIST_KEY_UISupportedInterfaceOrientations_iPhone = "UIInterfaceOrientationPortrait UIInterfaceOrientationLandscapeLeft UIInterfaceOrientationLandscapeRight";
				LD_RUNPATH_SEARCH_PATHS = (
					"$(inherited)",
					"@executable_path/Frameworks",
				);
				MARKETING_VERSION = 1.0;
				PRODUCT_BUNDLE_IDENTIFIER = com.nakeer.AllInOne;
				PRODUCT_NAME = "$(TARGET_NAME)";
				SWIFT_EMIT_LOC_STRINGS = YES;
				SWIFT_VERSION = 5.0;
				TARGETED_DEVICE_FAMILY = "1,2";
			};
			name = Release;
		};
		CBB84E63278FF95000105927 /* Debug */ = {
			isa = XCBuildConfiguration;
			buildSettings = {
				ALWAYS_EMBED_SWIFT_STANDARD_LIBRARIES = YES;
				BUNDLE_LOADER = "$(TEST_HOST)";
				CODE_SIGN_STYLE = Automatic;
				CURRENT_PROJECT_VERSION = 1;
				DEVELOPMENT_TEAM = L3X47784EM;
				GENERATE_INFOPLIST_FILE = YES;
				IPHONEOS_DEPLOYMENT_TARGET = 15.2;
				MARKETING_VERSION = 1.0;
				PRODUCT_BUNDLE_IDENTIFIER = com.nakeer.AllInOneTests;
				PRODUCT_NAME = "$(TARGET_NAME)";
				SWIFT_EMIT_LOC_STRINGS = NO;
				SWIFT_VERSION = 5.0;
				TARGETED_DEVICE_FAMILY = "1,2";
				TEST_HOST = "$(BUILT_PRODUCTS_DIR)/AllInOne.app/AllInOne";
			};
			name = Debug;
		};
		CBB84E64278FF95000105927 /* Release */ = {
			isa = XCBuildConfiguration;
			buildSettings = {
				ALWAYS_EMBED_SWIFT_STANDARD_LIBRARIES = YES;
				BUNDLE_LOADER = "$(TEST_HOST)";
				CODE_SIGN_STYLE = Automatic;
				CURRENT_PROJECT_VERSION = 1;
				DEVELOPMENT_TEAM = L3X47784EM;
				GENERATE_INFOPLIST_FILE = YES;
				IPHONEOS_DEPLOYMENT_TARGET = 15.2;
				MARKETING_VERSION = 1.0;
				PRODUCT_BUNDLE_IDENTIFIER = com.nakeer.AllInOneTests;
				PRODUCT_NAME = "$(TARGET_NAME)";
				SWIFT_EMIT_LOC_STRINGS = NO;
				SWIFT_VERSION = 5.0;
				TARGETED_DEVICE_FAMILY = "1,2";
				TEST_HOST = "$(BUILT_PRODUCTS_DIR)/AllInOne.app/AllInOne";
			};
			name = Release;
		};
		CBB84E66278FF95000105927 /* Debug */ = {
			isa = XCBuildConfiguration;
			buildSettings = {
				ALWAYS_EMBED_SWIFT_STANDARD_LIBRARIES = YES;
				CODE_SIGN_STYLE = Automatic;
				CURRENT_PROJECT_VERSION = 1;
				DEVELOPMENT_TEAM = L3X47784EM;
				GENERATE_INFOPLIST_FILE = YES;
				MARKETING_VERSION = 1.0;
				PRODUCT_BUNDLE_IDENTIFIER = com.nakeer.AllInOneUITests;
				PRODUCT_NAME = "$(TARGET_NAME)";
				SWIFT_EMIT_LOC_STRINGS = NO;
				SWIFT_VERSION = 5.0;
				TARGETED_DEVICE_FAMILY = "1,2";
				TEST_TARGET_NAME = AllInOne;
			};
			name = Debug;
		};
		CBB84E67278FF95000105927 /* Release */ = {
			isa = XCBuildConfiguration;
			buildSettings = {
				ALWAYS_EMBED_SWIFT_STANDARD_LIBRARIES = YES;
				CODE_SIGN_STYLE = Automatic;
				CURRENT_PROJECT_VERSION = 1;
				DEVELOPMENT_TEAM = L3X47784EM;
				GENERATE_INFOPLIST_FILE = YES;
				MARKETING_VERSION = 1.0;
				PRODUCT_BUNDLE_IDENTIFIER = com.nakeer.AllInOneUITests;
				PRODUCT_NAME = "$(TARGET_NAME)";
				SWIFT_EMIT_LOC_STRINGS = NO;
				SWIFT_VERSION = 5.0;
				TARGETED_DEVICE_FAMILY = "1,2";
				TEST_TARGET_NAME = AllInOne;
			};
			name = Release;
		};
		CBB84E94278FF98000105927 /* Debug */ = {
			isa = XCBuildConfiguration;
			buildSettings = {
				ASSETCATALOG_COMPILER_APPICON_NAME = AppIcon;
				ASSETCATALOG_COMPILER_GLOBAL_ACCENT_COLOR_NAME = AccentColor;
				CODE_SIGN_STYLE = Automatic;
				CURRENT_PROJECT_VERSION = 1;
				DEVELOPMENT_TEAM = L3X47784EM;
				GENERATE_INFOPLIST_FILE = YES;
				INFOPLIST_FILE = JSONReader/Info.plist;
				INFOPLIST_KEY_UIApplicationSupportsIndirectInputEvents = YES;
				INFOPLIST_KEY_UILaunchStoryboardName = LaunchScreen;
				INFOPLIST_KEY_UIMainStoryboardFile = Main;
				INFOPLIST_KEY_UISupportedInterfaceOrientations_iPad = "UIInterfaceOrientationPortrait UIInterfaceOrientationPortraitUpsideDown UIInterfaceOrientationLandscapeLeft UIInterfaceOrientationLandscapeRight";
				INFOPLIST_KEY_UISupportedInterfaceOrientations_iPhone = "UIInterfaceOrientationPortrait UIInterfaceOrientationLandscapeLeft UIInterfaceOrientationLandscapeRight";
				LD_RUNPATH_SEARCH_PATHS = (
					"$(inherited)",
					"@executable_path/Frameworks",
				);
				MARKETING_VERSION = 1.0;
				PRODUCT_BUNDLE_IDENTIFIER = com.nakeer.JSONReader;
				PRODUCT_NAME = "$(TARGET_NAME)";
				SWIFT_EMIT_LOC_STRINGS = YES;
				SWIFT_VERSION = 5.0;
				TARGETED_DEVICE_FAMILY = "1,2";
			};
			name = Debug;
		};
		CBB84E95278FF98000105927 /* Release */ = {
			isa = XCBuildConfiguration;
			buildSettings = {
				ASSETCATALOG_COMPILER_APPICON_NAME = AppIcon;
				ASSETCATALOG_COMPILER_GLOBAL_ACCENT_COLOR_NAME = AccentColor;
				CODE_SIGN_STYLE = Automatic;
				CURRENT_PROJECT_VERSION = 1;
				DEVELOPMENT_TEAM = L3X47784EM;
				GENERATE_INFOPLIST_FILE = YES;
				INFOPLIST_FILE = JSONReader/Info.plist;
				INFOPLIST_KEY_UIApplicationSupportsIndirectInputEvents = YES;
				INFOPLIST_KEY_UILaunchStoryboardName = LaunchScreen;
				INFOPLIST_KEY_UIMainStoryboardFile = Main;
				INFOPLIST_KEY_UISupportedInterfaceOrientations_iPad = "UIInterfaceOrientationPortrait UIInterfaceOrientationPortraitUpsideDown UIInterfaceOrientationLandscapeLeft UIInterfaceOrientationLandscapeRight";
				INFOPLIST_KEY_UISupportedInterfaceOrientations_iPhone = "UIInterfaceOrientationPortrait UIInterfaceOrientationLandscapeLeft UIInterfaceOrientationLandscapeRight";
				LD_RUNPATH_SEARCH_PATHS = (
					"$(inherited)",
					"@executable_path/Frameworks",
				);
				MARKETING_VERSION = 1.0;
				PRODUCT_BUNDLE_IDENTIFIER = com.nakeer.JSONReader;
				PRODUCT_NAME = "$(TARGET_NAME)";
				SWIFT_EMIT_LOC_STRINGS = YES;
				SWIFT_VERSION = 5.0;
				TARGETED_DEVICE_FAMILY = "1,2";
			};
			name = Release;
		};
		CBB84E97278FF98000105927 /* Debug */ = {
			isa = XCBuildConfiguration;
			buildSettings = {
				ALWAYS_EMBED_SWIFT_STANDARD_LIBRARIES = YES;
				BUNDLE_LOADER = "$(TEST_HOST)";
				CODE_SIGN_STYLE = Automatic;
				CURRENT_PROJECT_VERSION = 1;
				DEVELOPMENT_TEAM = L3X47784EM;
				GENERATE_INFOPLIST_FILE = YES;
				IPHONEOS_DEPLOYMENT_TARGET = 15.2;
				MARKETING_VERSION = 1.0;
				PRODUCT_BUNDLE_IDENTIFIER = com.nakeer.JSONReaderTests;
				PRODUCT_NAME = "$(TARGET_NAME)";
				SWIFT_EMIT_LOC_STRINGS = NO;
				SWIFT_VERSION = 5.0;
				TARGETED_DEVICE_FAMILY = "1,2";
				TEST_HOST = "$(BUILT_PRODUCTS_DIR)/JSONReader.app/JSONReader";
			};
			name = Debug;
		};
		CBB84E98278FF98000105927 /* Release */ = {
			isa = XCBuildConfiguration;
			buildSettings = {
				ALWAYS_EMBED_SWIFT_STANDARD_LIBRARIES = YES;
				BUNDLE_LOADER = "$(TEST_HOST)";
				CODE_SIGN_STYLE = Automatic;
				CURRENT_PROJECT_VERSION = 1;
				DEVELOPMENT_TEAM = L3X47784EM;
				GENERATE_INFOPLIST_FILE = YES;
				IPHONEOS_DEPLOYMENT_TARGET = 15.2;
				MARKETING_VERSION = 1.0;
				PRODUCT_BUNDLE_IDENTIFIER = com.nakeer.JSONReaderTests;
				PRODUCT_NAME = "$(TARGET_NAME)";
				SWIFT_EMIT_LOC_STRINGS = NO;
				SWIFT_VERSION = 5.0;
				TARGETED_DEVICE_FAMILY = "1,2";
				TEST_HOST = "$(BUILT_PRODUCTS_DIR)/JSONReader.app/JSONReader";
			};
			name = Release;
		};
		CBB84E9A278FF98000105927 /* Debug */ = {
			isa = XCBuildConfiguration;
			buildSettings = {
				ALWAYS_EMBED_SWIFT_STANDARD_LIBRARIES = YES;
				CODE_SIGN_STYLE = Automatic;
				CURRENT_PROJECT_VERSION = 1;
				DEVELOPMENT_TEAM = L3X47784EM;
				GENERATE_INFOPLIST_FILE = YES;
				MARKETING_VERSION = 1.0;
				PRODUCT_BUNDLE_IDENTIFIER = com.nakeer.JSONReaderUITests;
				PRODUCT_NAME = "$(TARGET_NAME)";
				SWIFT_EMIT_LOC_STRINGS = NO;
				SWIFT_VERSION = 5.0;
				TARGETED_DEVICE_FAMILY = "1,2";
				TEST_TARGET_NAME = JSONReader;
			};
			name = Debug;
		};
		CBB84E9B278FF98000105927 /* Release */ = {
			isa = XCBuildConfiguration;
			buildSettings = {
				ALWAYS_EMBED_SWIFT_STANDARD_LIBRARIES = YES;
				CODE_SIGN_STYLE = Automatic;
				CURRENT_PROJECT_VERSION = 1;
				DEVELOPMENT_TEAM = L3X47784EM;
				GENERATE_INFOPLIST_FILE = YES;
				MARKETING_VERSION = 1.0;
				PRODUCT_BUNDLE_IDENTIFIER = com.nakeer.JSONReaderUITests;
				PRODUCT_NAME = "$(TARGET_NAME)";
				SWIFT_EMIT_LOC_STRINGS = NO;
				SWIFT_VERSION = 5.0;
				TARGETED_DEVICE_FAMILY = "1,2";
				TEST_TARGET_NAME = JSONReader;
			};
			name = Release;
		};
/* End XCBuildConfiguration section */

/* Begin XCConfigurationList section */
		CBB84E30278FF94C00105927 /* Build configuration list for PBXProject "AllInOne" */ = {
			isa = XCConfigurationList;
			buildConfigurations = (
				CBB84E5D278FF95000105927 /* Debug */,
				CBB84E5E278FF95000105927 /* Release */,
			);
			defaultConfigurationIsVisible = 0;
			defaultConfigurationName = Release;
		};
		CBB84E5F278FF95000105927 /* Build configuration list for PBXNativeTarget "AllInOne" */ = {
			isa = XCConfigurationList;
			buildConfigurations = (
				CBB84E60278FF95000105927 /* Debug */,
				CBB84E61278FF95000105927 /* Release */,
			);
			defaultConfigurationIsVisible = 0;
			defaultConfigurationName = Release;
		};
		CBB84E62278FF95000105927 /* Build configuration list for PBXNativeTarget "AllInOneTests" */ = {
			isa = XCConfigurationList;
			buildConfigurations = (
				CBB84E63278FF95000105927 /* Debug */,
				CBB84E64278FF95000105927 /* Release */,
			);
			defaultConfigurationIsVisible = 0;
			defaultConfigurationName = Release;
		};
		CBB84E65278FF95000105927 /* Build configuration list for PBXNativeTarget "AllInOneUITests" */ = {
			isa = XCConfigurationList;
			buildConfigurations = (
				CBB84E66278FF95000105927 /* Debug */,
				CBB84E67278FF95000105927 /* Release */,
			);
			defaultConfigurationIsVisible = 0;
			defaultConfigurationName = Release;
		};
		CBB84E93278FF98000105927 /* Build configuration list for PBXNativeTarget "JSONReader" */ = {
			isa = XCConfigurationList;
			buildConfigurations = (
				CBB84E94278FF98000105927 /* Debug */,
				CBB84E95278FF98000105927 /* Release */,
			);
			defaultConfigurationIsVisible = 0;
			defaultConfigurationName = Release;
		};
		CBB84E96278FF98000105927 /* Build configuration list for PBXNativeTarget "JSONReaderTests" */ = {
			isa = XCConfigurationList;
			buildConfigurations = (
				CBB84E97278FF98000105927 /* Debug */,
				CBB84E98278FF98000105927 /* Release */,
			);
			defaultConfigurationIsVisible = 0;
			defaultConfigurationName = Release;
		};
		CBB84E99278FF98000105927 /* Build configuration list for PBXNativeTarget "JSONReaderUITests" */ = {
			isa = XCConfigurationList;
			buildConfigurations = (
				CBB84E9A278FF98000105927 /* Debug */,
				CBB84E9B278FF98000105927 /* Release */,
			);
			defaultConfigurationIsVisible = 0;
			defaultConfigurationName = Release;
		};
/* End XCConfigurationList section */
	};
	rootObject = CBB84E2D278FF94C00105927 /* Project object */;
}
